
Microsoft Visual Studio Solution File, Format Version 12.00
# Visual Studio Version 17
VisualStudioVersion = 17.3.32922.545
MinimumVisualStudioVersion = 10.0.40219.1
Project("{8BC9CEB8-8B4A-11D0-8D11-00A0C91BC942}") = "TP_second", "TP_second\TP_second.vcxproj", "{F862B5A4-6907-4234-9376-73A42633AC5D}"
EndProject
Global
	GlobalSection(SolutionConfigurationPlatforms) = preSolution
		Debug|x64 = Debug|x64
		Debug|x86 = Debug|x86
		Release|x64 = Release|x64
		Release|x86 = Release|x86
	EndGlobalSection
	GlobalSection(ProjectConfigurationPlatforms) = postSolution
		{F862B5A4-6907-4234-9376-73A42633AC5D}.Debug|x64.ActiveCfg = Debug|x64
		{F862B5A4-6907-4234-9376-73A42633AC5D}.Debug|x64.Build.0 = Debug|x64
		{F862B5A4-6907-4234-9376-73A42633AC5D}.Debug|x86.ActiveCfg = Debug|Win32
		{F862B5A4-6907-4234-9376-73A42633AC5D}.Debug|x86.Build.0 = Debug|Win32
		{F862B5A4-6907-4234-9376-73A42633AC5D}.Release|x64.ActiveCfg = Release|x64
		{F862B5A4-6907-4234-9376-73A42633AC5D}.Release|x64.Build.0 = Release|x64
		{F862B5A4-6907-4234-9376-73A42633AC5D}.Release|x86.ActiveCfg = Release|Win32
		{F862B5A4-6907-4234-9376-73A42633AC5D}.Release|x86.Build.0 = Release|Win32
	EndGlobalSection
	GlobalSection(SolutionProperties) = preSolution
		HideSolutionNode = FALSE
	EndGlobalSection
	GlobalSection(ExtensibilityGlobals) = postSolution
		SolutionGuid = {3BA54202-180A-4C8C-BB8D-27177D35DF63}
	EndGlobalSection
EndGlobal
